// !$*UTF8*$!
{
	archiveVersion = 1;
	classes = {
	};
	objectVersion = 50;
	objects = {

/* Begin PBXBuildFile section */
		A76792D52486D57000FF24CE /* AppDelegate.swift in Sources */ = {isa = PBXBuildFile; fileRef = A76792D42486D57000FF24CE /* AppDelegate.swift */; };
		A76792D72486D57000FF24CE /* SceneDelegate.swift in Sources */ = {isa = PBXBuildFile; fileRef = A76792D62486D57000FF24CE /* SceneDelegate.swift */; };
		A76792D92486D57000FF24CE /* ContentView.swift in Sources */ = {isa = PBXBuildFile; fileRef = A76792D82486D57000FF24CE /* ContentView.swift */; };
		A76792DB2486D57200FF24CE /* Assets.xcassets in Resources */ = {isa = PBXBuildFile; fileRef = A76792DA2486D57200FF24CE /* Assets.xcassets */; };
		A76792DE2486D57200FF24CE /* Preview Assets.xcassets in Resources */ = {isa = PBXBuildFile; fileRef = A76792DD2486D57200FF24CE /* Preview Assets.xcassets */; };
		A76792E12486D57200FF24CE /* LaunchScreen.storyboard in Resources */ = {isa = PBXBuildFile; fileRef = A76792DF2486D57200FF24CE /* LaunchScreen.storyboard */; };
		A76792EB2486ED7200FF24CE /* Tangerine-Bold.ttf in Resources */ = {isa = PBXBuildFile; fileRef = A76792E92486ED7200FF24CE /* Tangerine-Bold.ttf */; };
		A76792EC2486ED7200FF24CE /* Tangerine-Regular.ttf in Resources */ = {isa = PBXBuildFile; fileRef = A76792EA2486ED7200FF24CE /* Tangerine-Regular.ttf */; };
		A76792EE2486F5EF00FF24CE /* InfoView.swift in Sources */ = {isa = PBXBuildFile; fileRef = A76792ED2486F5EF00FF24CE /* InfoView.swift */; };
/* End PBXBuildFile section */

/* Begin PBXFileReference section */
		A76792D12486D57000FF24CE /* BusinessCard.app */ = {isa = PBXFileReference; explicitFileType = wrapper.application; includeInIndex = 0; path = BusinessCard.app; sourceTree = BUILT_PRODUCTS_DIR; };
		A76792D42486D57000FF24CE /* AppDelegate.swift */ = {isa = PBXFileReference; lastKnownFileType = sourcecode.swift; path = AppDelegate.swift; sourceTree = "<group>"; };
		A76792D62486D57000FF24CE /* SceneDelegate.swift */ = {isa = PBXFileReference; lastKnownFileType = sourcecode.swift; path = SceneDelegate.swift; sourceTree = "<group>"; };
		A76792D82486D57000FF24CE /* ContentView.swift */ = {isa = PBXFileReference; lastKnownFileType = sourcecode.swift; path = ContentView.swift; sourceTree = "<group>"; };
		A76792DA2486D57200FF24CE /* Assets.xcassets */ = {isa = PBXFileReference; lastKnownFileType = folder.assetcatalog; path = Assets.xcassets; sourceTree = "<group>"; };
		A76792DD2486D57200FF24CE /* Preview Assets.xcassets */ = {isa = PBXFileReference; lastKnownFileType = folder.assetcatalog; path = "Preview Assets.xcassets"; sourceTree = "<group>"; };
		A76792E02486D57200FF24CE /* Base */ = {isa = PBXFileReference; lastKnownFileType = file.storyboard; name = Base; path = Base.lproj/LaunchScreen.storyboard; sourceTree = "<group>"; };
		A76792E22486D57200FF24CE /* Info.plist */ = {isa = PBXFileReference; lastKnownFileType = text.plist.xml; path = Info.plist; sourceTree = "<group>"; };
		A76792E92486ED7200FF24CE /* Tangerine-Bold.ttf */ = {isa = PBXFileReference; lastKnownFileType = file; path = "Tangerine-Bold.ttf"; sourceTree = "<group>"; };
		A76792EA2486ED7200FF24CE /* Tangerine-Regular.ttf */ = {isa = PBXFileReference; lastKnownFileType = file; path = "Tangerine-Regular.ttf"; sourceTree = "<group>"; };
		A76792ED2486F5EF00FF24CE /* InfoView.swift */ = {isa = PBXFileReference; lastKnownFileType = sourcecode.swift; path = InfoView.swift; sourceTree = "<group>"; };
/* End PBXFileReference section */

/* Begin PBXFrameworksBuildPhase section */
		A76792CE2486D57000FF24CE /* Frameworks */ = {
			isa = PBXFrameworksBuildPhase;
			buildActionMask = 2147483647;
			files = (
			);
			runOnlyForDeploymentPostprocessing = 0;
		};
/* End PBXFrameworksBuildPhase section */

/* Begin PBXGroup section */
		A76792C82486D57000FF24CE = {
			isa = PBXGroup;
			children = (
				A76792D32486D57000FF24CE /* BusinessCard */,
				A76792D22486D57000FF24CE /* Products */,
			);
			sourceTree = "<group>";
		};
		A76792D22486D57000FF24CE /* Products */ = {
			isa = PBXGroup;
			children = (
				A76792D12486D57000FF24CE /* BusinessCard.app */,
			);
			name = Products;
			sourceTree = "<group>";
		};
		A76792D32486D57000FF24CE /* BusinessCard */ = {
			isa = PBXGroup;
			children = (
				A76792E82486ED6100FF24CE /* Fonts */,
				A76792D42486D57000FF24CE /* AppDelegate.swift */,
				A76792D62486D57000FF24CE /* SceneDelegate.swift */,
				A76792D82486D57000FF24CE /* ContentView.swift */,
				A76792DA2486D57200FF24CE /* Assets.xcassets */,
				A76792DF2486D57200FF24CE /* LaunchScreen.storyboard */,
				A76792E22486D57200FF24CE /* Info.plist */,
				A76792DC2486D57200FF24CE /* Preview Content */,
				A76792ED2486F5EF00FF24CE /* InfoView.swift */,
			);
			path = BusinessCard;
			sourceTree = "<group>";
		};
		A76792DC2486D57200FF24CE /* Preview Content */ = {
			isa = PBXGroup;
			children = (
				A76792DD2486D57200FF24CE /* Preview Assets.xcassets */,
			);
			path = "Preview Content";
			sourceTree = "<group>";
		};
		A76792E82486ED6100FF24CE /* Fonts */ = {
			isa = PBXGroup;
			children = (
				A76792E92486ED7200FF24CE /* Tangerine-Bold.ttf */,
				A76792EA2486ED7200FF24CE /* Tangerine-Regular.ttf */,
			);
			path = Fonts;
			sourceTree = "<group>";
		};
/* End PBXGroup section */

/* Begin PBXNativeTarget section */
		A76792D02486D57000FF24CE /* BusinessCard */ = {
			isa = PBXNativeTarget;
			buildConfigurationList = A76792E52486D57200FF24CE /* Build configuration list for PBXNativeTarget "BusinessCard" */;
			buildPhases = (
				A76792CD2486D57000FF24CE /* Sources */,
				A76792CE2486D57000FF24CE /* Frameworks */,
				A76792CF2486D57000FF24CE /* Resources */,
			);
			buildRules = (
			);
			dependencies = (
			);
			name = BusinessCard;
			productName = BusinessCard;
			productReference = A76792D12486D57000FF24CE /* BusinessCard.app */;
			productType = "com.apple.product-type.application";
		};
/* End PBXNativeTarget section */

/* Begin PBXProject section */
		A76792C92486D57000FF24CE /* Project object */ = {
			isa = PBXProject;
			attributes = {
				LastSwiftUpdateCheck = 1140;
				LastUpgradeCheck = 1140;
				ORGANIZATIONNAME = "Jasmine Young";
				TargetAttributes = {
					A76792D02486D57000FF24CE = {
						CreatedOnToolsVersion = 11.4.1;
					};
				};
			};
			buildConfigurationList = A76792CC2486D57000FF24CE /* Build configuration list for PBXProject "BusinessCard" */;
			compatibilityVersion = "Xcode 9.3";
			developmentRegion = en;
			hasScannedForEncodings = 0;
			knownRegions = (
				en,
				Base,
			);
			mainGroup = A76792C82486D57000FF24CE;
			productRefGroup = A76792D22486D57000FF24CE /* Products */;
			projectDirPath = "";
			projectRoot = "";
			targets = (
				A76792D02486D57000FF24CE /* BusinessCard */,
			);
		};
/* End PBXProject section */

/* Begin PBXResourcesBuildPhase section */
		A76792CF2486D57000FF24CE /* Resources */ = {
			isa = PBXResourcesBuildPhase;
			buildActionMask = 2147483647;
			files = (
				A76792E12486D57200FF24CE /* LaunchScreen.storyboard in Resources */,
				A76792EB2486ED7200FF24CE /* Tangerine-Bold.ttf in Resources */,
				A76792DE2486D57200FF24CE /* Preview Assets.xcassets in Resources */,
				A76792DB2486D57200FF24CE /* Assets.xcassets in Resources */,
				A76792EC2486ED7200FF24CE /* Tangerine-Regular.ttf in Resources */,
			);
			runOnlyForDeploymentPostprocessing = 0;
		};
/* End PBXResourcesBuildPhase section */

/* Begin PBXSourcesBuildPhase section */
		A76792CD2486D57000FF24CE /* Sources */ = {
			isa = PBXSourcesBuildPhase;
			buildActionMask = 2147483647;
			files = (
				A76792EE2486F5EF00FF24CE /* InfoView.swift in Sources */,
				A76792D52486D57000FF24CE /* AppDelegate.swift in Sources */,
				A76792D72486D57000FF24CE /* SceneDelegate.swift in Sources */,
				A76792D92486D57000FF24CE /* ContentView.swift in Sources */,
			);
			runOnlyForDeploymentPostprocessing = 0;
		};
/* End PBXSourcesBuildPhase section */

/* Begin PBXVariantGroup section */
		A76792DF2486D57200FF24CE /* LaunchScreen.storyboard */ = {
			isa = PBXVariantGroup;
			children = (
				A76792E02486D57200FF24CE /* Base */,
			);
			name = LaunchScreen.storyboard;
			sourceTree = "<group>";
		};
/* End PBXVariantGroup section */

/* Begin XCBuildConfiguration section */
		A76792E32486D57200FF24CE /* Debug */ = {
			isa = XCBuildConfiguration;
			buildSettings = {
				ALWAYS_SEARCH_USER_PATHS = NO;
				CLANG_ANALYZER_NONNULL = YES;
				CLANG_ANALYZER_NUMBER_OBJECT_CONVERSION = YES_AGGRESSIVE;
				CLANG_CXX_LANGUAGE_STANDARD = "gnu++14";
				CLANG_CXX_LIBRARY = "libc++";
				CLANG_ENABLE_MODULES = YES;
				CLANG_ENABLE_OBJC_ARC = YES;
				CLANG_ENABLE_OBJC_WEAK = YES;
				CLANG_WARN_BLOCK_CAPTURE_AUTORELEASING = YES;
				CLANG_WARN_BOOL_CONVERSION = YES;
				CLANG_WARN_COMMA = YES;
				CLANG_WARN_CONSTANT_CONVERSION = YES;
				CLANG_WARN_DEPRECATED_OBJC_IMPLEMENTATIONS = YES;
				CLANG_WARN_DIRECT_OBJC_ISA_USAGE = YES_ERROR;
				CLANG_WARN_DOCUMENTATION_COMMENTS = YES;
				CLANG_WARN_EMPTY_BODY = YES;
				CLANG_WARN_ENUM_CONVERSION = YES;
				CLANG_WARN_INFINITE_RECURSION = YES;
				CLANG_WARN_INT_CONVERSION = YES;
				CLANG_WARN_NON_LITERAL_NULL_CONVERSION = YES;
				CLANG_WARN_OBJC_IMPLICIT_RETAIN_SELF = YES;
				CLANG_WARN_OBJC_LITERAL_CONVERSION = YES;
				CLANG_WARN_OBJC_ROOT_CLASS = YES_ERROR;
				CLANG_WARN_RANGE_LOOP_ANALYSIS = YES;
				CLANG_WARN_STRICT_PROTOTYPES = YES;
				CLANG_WARN_SUSPICIOUS_MOVE = YES;
				CLANG_WARN_UNGUARDED_AVAILABILITY = YES_AGGRESSIVE;
				CLANG_WARN_UNREACHABLE_CODE = YES;
				CLANG_WARN__DUPLICATE_METHOD_MATCH = YES;
				COPY_PHASE_STRIP = NO;
				DEBUG_INFORMATION_FORMAT = dwarf;
				ENABLE_STRICT_OBJC_MSGSEND = YES;
				ENABLE_TESTABILITY = YES;
				GCC_C_LANGUAGE_STANDARD = gnu11;
				GCC_DYNAMIC_NO_PIC = NO;
				GCC_NO_COMMON_BLOCKS = YES;
				GCC_OPTIMIZATION_LEVEL = 0;
				GCC_PREPROCESSOR_DEFINITIONS = (
					"DEBUG=1",
					"$(inherited)",
				);
				GCC_WARN_64_TO_32_BIT_CONVERSION = YES;
				GCC_WARN_ABOUT_RETURN_TYPE = YES_ERROR;
				GCC_WARN_UNDECLARED_SELECTOR = YES;
				GCC_WARN_UNINITIALIZED_AUTOS = YES_AGGRESSIVE;
				GCC_WARN_UNUSED_FUNCTION = YES;
				GCC_WARN_UNUSED_VARIABLE = YES;
				IPHONEOS_DEPLOYMENT_TARGET = 13.4;
				MTL_ENABLE_DEBUG_INFO = INCLUDE_SOURCE;
				MTL_FAST_MATH = YES;
				ONLY_ACTIVE_ARCH = YES;
				SDKROOT = iphoneos;
				SWIFT_ACTIVE_COMPILATION_CONDITIONS = DEBUG;
				SWIFT_OPTIMIZATION_LEVEL = "-Onone";
			};
			name = Debug;
		};
		A76792E42486D57200FF24CE /* Release */ = {
			isa = XCBuildConfiguration;
			buildSettings = {
				ALWAYS_SEARCH_USER_PATHS = NO;
				CLANG_ANALYZER_NONNULL = YES;
				CLANG_ANALYZER_NUMBER_OBJECT_CONVERSION = YES_AGGRESSIVE;
				CLANG_CXX_LANGUAGE_STANDARD = "gnu++14";
				CLANG_CXX_LIBRARY = "libc++";
				CLANG_ENABLE_MODULES = YES;
				CLANG_ENABLE_OBJC_ARC = YES;
				CLANG_ENABLE_OBJC_WEAK = YES;
				CLANG_WARN_BLOCK_CAPTURE_AUTORELEASING = YES;
				CLANG_WARN_BOOL_CONVERSION = YES;
				CLANG_WARN_COMMA = YES;
				CLANG_WARN_CONSTANT_CONVERSION = YES;
				CLANG_WARN_DEPRECATED_OBJC_IMPLEMENTATIONS = YES;
				CLANG_WARN_DIRECT_OBJC_ISA_USAGE = YES_ERROR;
				CLANG_WARN_DOCUMENTATION_COMMENTS = YES;
				CLANG_WARN_EMPTY_BODY = YES;
				CLANG_WARN_ENUM_CONVERSION = YES;
				CLANG_WARN_INFINITE_RECURSION = YES;
				CLANG_WARN_INT_CONVERSION = YES;
				CLANG_WARN_NON_LITERAL_NULL_CONVERSION = YES;
				CLANG_WARN_OBJC_IMPLICIT_RETAIN_SELF = YES;
				CLANG_WARN_OBJC_LITERAL_CONVERSION = YES;
				CLANG_WARN_OBJC_ROOT_CLASS = YES_ERROR;
				CLANG_WARN_RANGE_LOOP_ANALYSIS = YES;
				CLANG_WARN_STRICT_PROTOTYPES = YES;
				CLANG_WARN_SUSPICIOUS_MOVE = YES;
				CLANG_WARN_UNGUARDED_AVAILABILITY = YES_AGGRESSIVE;
				CLANG_WARN_UNREACHABLE_CODE = YES;
				CLANG_WARN__DUPLICATE_METHOD_MATCH = YES;
				COPY_PHASE_STRIP = NO;
				DEBUG_INFORMATION_FORMAT = "dwarf-with-dsym";
				ENABLE_NS_ASSERTIONS = NO;
				ENABLE_STRICT_OBJC_MSGSEND = YES;
				GCC_C_LANGUAGE_STANDARD = gnu11;
				GCC_NO_COMMON_BLOCKS = YES;
				GCC_WARN_64_TO_32_BIT_CONVERSION = YES;
				GCC_WARN_ABOUT_RETURN_TYPE = YES_ERROR;
				GCC_WARN_UNDECLARED_SELECTOR = YES;
				GCC_WARN_UNINITIALIZED_AUTOS = YES_AGGRESSIVE;
				GCC_WARN_UNUSED_FUNCTION = YES;
				GCC_WARN_UNUSED_VARIABLE = YES;
				IPHONEOS_DEPLOYMENT_TARGET = 13.4;
				MTL_ENABLE_DEBUG_INFO = NO;
				MTL_FAST_MATH = YES;
				SDKROOT = iphoneos;
				SWIFT_COMPILATION_MODE = wholemodule;
				SWIFT_OPTIMIZATION_LEVEL = "-O";
				VALIDATE_PRODUCT = YES;
			};
			name = Release;
		};
		A76792E62486D57200FF24CE /* Debug */ = {
			isa = XCBuildConfiguration;
			buildSettings = {
				ASSETCATALOG_COMPILER_APPICON_NAME = AppIcon;
				CODE_SIGN_STYLE = Automatic;
				DEVELOPMENT_ASSET_PATHS = "\"BusinessCard/Preview Content\"";
				DEVELOPMENT_TEAM = F48PPH8BVL;
				ENABLE_PREVIEWS = YES;
				INFOPLIST_FILE = BusinessCard/Info.plist;
				LD_RUNPATH_SEARCH_PATHS = (
					"$(inherited)",
					"@executable_path/Frameworks",
				);
				PRODUCT_BUNDLE_IDENTIFIER = com.jasmineyoung.BusinessCard;
				PRODUCT_NAME = "$(TARGET_NAME)";
				SWIFT_VERSION = 5.0;
				TARGETED_DEVICE_FAMILY = "1,2";
			};
			name = Debug;
		};
		A76792E72486D57200FF24CE /* Release */ = {
			isa = XCBuildConfiguration;
			buildSettings = {
				ASSETCATALOG_COMPILER_APPICON_NAME = AppIcon;
				CODE_SIGN_STYLE = Automatic;
				DEVELOPMENT_ASSET_PATHS = "\"BusinessCard/Preview Content\"";
				DEVELOPMENT_TEAM = F48PPH8BVL;
				ENABLE_PREVIEWS = YES;
				INFOPLIST_FILE = BusinessCard/Info.plist;
				LD_RUNPATH_SEARCH_PATHS = (
					"$(inherited)",
					"@executable_path/Frameworks",
				);
				PRODUCT_BUNDLE_IDENTIFIER = com.jasmineyoung.BusinessCard;
				PRODUCT_NAME = "$(TARGET_NAME)";
				SWIFT_VERSION = 5.0;
				TARGETED_DEVICE_FAMILY = "1,2";
			};
			name = Release;
		};
/* End XCBuildConfiguration section */

/* Begin XCConfigurationList section */
		A76792CC2486D57000FF24CE /* Build configuration list for PBXProject "BusinessCard" */ = {
			isa = XCConfigurationList;
			buildConfigurations = (
				A76792E32486D57200FF24CE /* Debug */,
				A76792E42486D57200FF24CE /* Release */,
			);
			defaultConfigurationIsVisible = 0;
			defaultConfigurationName = Release;
		};
		A76792E52486D57200FF24CE /* Build configuration list for PBXNativeTarget "BusinessCard" */ = {
			isa = XCConfigurationList;
			buildConfigurations = (
				A76792E62486D57200FF24CE /* Debug */,
				A76792E72486D57200FF24CE /* Release */,
			);
			defaultConfigurationIsVisible = 0;
			defaultConfigurationName = Release;
		};
/* End XCConfigurationList section */
	};
	rootObject = A76792C92486D57000FF24CE /* Project object */;
}
